// !$*UTF8*$!
{
	archiveVersion = 1;
	classes = {
	};
	objectVersion = 48;
	objects = {

/* Begin PBXBuildFile section */
		752D267B204B270600BA0A0A /* AppDelegate.swift in Sources */ = {isa = PBXBuildFile; fileRef = 752D267A204B270600BA0A0A /* AppDelegate.swift */; };
		752D267D204B270600BA0A0A /* ViewController.swift in Sources */ = {isa = PBXBuildFile; fileRef = 752D267C204B270600BA0A0A /* ViewController.swift */; };
		752D2680204B270600BA0A0A /* Main.storyboard in Resources */ = {isa = PBXBuildFile; fileRef = 752D267E204B270600BA0A0A /* Main.storyboard */; };
		752D2683204B270600BA0A0A /* Pickerview.xcdatamodeld in Sources */ = {isa = PBXBuildFile; fileRef = 752D2681204B270600BA0A0A /* Pickerview.xcdatamodeld */; };
		752D2685204B270600BA0A0A /* Assets.xcassets in Resources */ = {isa = PBXBuildFile; fileRef = 752D2684204B270600BA0A0A /* Assets.xcassets */; };
		752D2688204B270600BA0A0A /* LaunchScreen.storyboard in Resources */ = {isa = PBXBuildFile; fileRef = 752D2686204B270600BA0A0A /* LaunchScreen.storyboard */; };
		752D2693204B270600BA0A0A /* PickerviewTests.swift in Sources */ = {isa = PBXBuildFile; fileRef = 752D2692204B270600BA0A0A /* PickerviewTests.swift */; };
		752D269E204B270600BA0A0A /* PickerviewUITests.swift in Sources */ = {isa = PBXBuildFile; fileRef = 752D269D204B270600BA0A0A /* PickerviewUITests.swift */; };
/* End PBXBuildFile section */

/* Begin PBXContainerItemProxy section */
		752D268F204B270600BA0A0A /* PBXContainerItemProxy */ = {
			isa = PBXContainerItemProxy;
			containerPortal = 752D266F204B270600BA0A0A /* Project object */;
			proxyType = 1;
			remoteGlobalIDString = 752D2676204B270600BA0A0A;
			remoteInfo = Pickerview;
		};
		752D269A204B270600BA0A0A /* PBXContainerItemProxy */ = {
			isa = PBXContainerItemProxy;
			containerPortal = 752D266F204B270600BA0A0A /* Project object */;
			proxyType = 1;
			remoteGlobalIDString = 752D2676204B270600BA0A0A;
			remoteInfo = Pickerview;
		};
/* End PBXContainerItemProxy section */

/* Begin PBXFileReference section */
		752D2677204B270600BA0A0A /* Pickerview.app */ = {isa = PBXFileReference; explicitFileType = wrapper.application; includeInIndex = 0; path = Pickerview.app; sourceTree = BUILT_PRODUCTS_DIR; };
		752D267A204B270600BA0A0A /* AppDelegate.swift */ = {isa = PBXFileReference; lastKnownFileType = sourcecode.swift; path = AppDelegate.swift; sourceTree = "<group>"; };
		752D267C204B270600BA0A0A /* ViewController.swift */ = {isa = PBXFileReference; lastKnownFileType = sourcecode.swift; path = ViewController.swift; sourceTree = "<group>"; };
		752D267F204B270600BA0A0A /* Base */ = {isa = PBXFileReference; lastKnownFileType = file.storyboard; name = Base; path = Base.lproj/Main.storyboard; sourceTree = "<group>"; };
		752D2682204B270600BA0A0A /* Pickerview.xcdatamodel */ = {isa = PBXFileReference; lastKnownFileType = wrapper.xcdatamodel; path = Pickerview.xcdatamodel; sourceTree = "<group>"; };
		752D2684204B270600BA0A0A /* Assets.xcassets */ = {isa = PBXFileReference; lastKnownFileType = folder.assetcatalog; path = Assets.xcassets; sourceTree = "<group>"; };
		752D2687204B270600BA0A0A /* Base */ = {isa = PBXFileReference; lastKnownFileType = file.storyboard; name = Base; path = Base.lproj/LaunchScreen.storyboard; sourceTree = "<group>"; };
		752D2689204B270600BA0A0A /* Info.plist */ = {isa = PBXFileReference; lastKnownFileType = text.plist.xml; path = Info.plist; sourceTree = "<group>"; };
		752D268E204B270600BA0A0A /* PickerviewTests.xctest */ = {isa = PBXFileReference; explicitFileType = wrapper.cfbundle; includeInIndex = 0; path = PickerviewTests.xctest; sourceTree = BUILT_PRODUCTS_DIR; };
		752D2692204B270600BA0A0A /* PickerviewTests.swift */ = {isa = PBXFileReference; lastKnownFileType = sourcecode.swift; path = PickerviewTests.swift; sourceTree = "<group>"; };
		752D2694204B270600BA0A0A /* Info.plist */ = {isa = PBXFileReference; lastKnownFileType = text.plist.xml; path = Info.plist; sourceTree = "<group>"; };
		752D2699204B270600BA0A0A /* PickerviewUITests.xctest */ = {isa = PBXFileReference; explicitFileType = wrapper.cfbundle; includeInIndex = 0; path = PickerviewUITests.xctest; sourceTree = BUILT_PRODUCTS_DIR; };
		752D269D204B270600BA0A0A /* PickerviewUITests.swift */ = {isa = PBXFileReference; lastKnownFileType = sourcecode.swift; path = PickerviewUITests.swift; sourceTree = "<group>"; };
		752D269F204B270600BA0A0A /* Info.plist */ = {isa = PBXFileReference; lastKnownFileType = text.plist.xml; path = Info.plist; sourceTree = "<group>"; };
/* End PBXFileReference section */

/* Begin PBXFrameworksBuildPhase section */
		752D2674204B270600BA0A0A /* Frameworks */ = {
			isa = PBXFrameworksBuildPhase;
			buildActionMask = 2147483647;
			files = (
			);
			runOnlyForDeploymentPostprocessing = 0;
		};
		752D268B204B270600BA0A0A /* Frameworks */ = {
			isa = PBXFrameworksBuildPhase;
			buildActionMask = 2147483647;
			files = (
			);
			runOnlyForDeploymentPostprocessing = 0;
		};
		752D2696204B270600BA0A0A /* Frameworks */ = {
			isa = PBXFrameworksBuildPhase;
			buildActionMask = 2147483647;
			files = (
			);
			runOnlyForDeploymentPostprocessing = 0;
		};
/* End PBXFrameworksBuildPhase section */

/* Begin PBXGroup section */
		752D266E204B270600BA0A0A = {
			isa = PBXGroup;
			children = (
				752D2679204B270600BA0A0A /* Pickerview */,
				752D2691204B270600BA0A0A /* PickerviewTests */,
				752D269C204B270600BA0A0A /* PickerviewUITests */,
				752D2678204B270600BA0A0A /* Products */,
			);
			sourceTree = "<group>";
		};
		752D2678204B270600BA0A0A /* Products */ = {
			isa = PBXGroup;
			children = (
				752D2677204B270600BA0A0A /* Pickerview.app */,
				752D268E204B270600BA0A0A /* PickerviewTests.xctest */,
				752D2699204B270600BA0A0A /* PickerviewUITests.xctest */,
			);
			name = Products;
			sourceTree = "<group>";
		};
		752D2679204B270600BA0A0A /* Pickerview */ = {
			isa = PBXGroup;
			children = (
				752D267A204B270600BA0A0A /* AppDelegate.swift */,
				752D267C204B270600BA0A0A /* ViewController.swift */,
				752D267E204B270600BA0A0A /* Main.storyboard */,
				752D2684204B270600BA0A0A /* Assets.xcassets */,
				752D2686204B270600BA0A0A /* LaunchScreen.storyboard */,
				752D2689204B270600BA0A0A /* Info.plist */,
				752D2681204B270600BA0A0A /* Pickerview.xcdatamodeld */,
			);
			path = Pickerview;
			sourceTree = "<group>";
		};
		752D2691204B270600BA0A0A /* PickerviewTests */ = {
			isa = PBXGroup;
			children = (
				752D2692204B270600BA0A0A /* PickerviewTests.swift */,
				752D2694204B270600BA0A0A /* Info.plist */,
			);
			path = PickerviewTests;
			sourceTree = "<group>";
		};
		752D269C204B270600BA0A0A /* PickerviewUITests */ = {
			isa = PBXGroup;
			children = (
				752D269D204B270600BA0A0A /* PickerviewUITests.swift */,
				752D269F204B270600BA0A0A /* Info.plist */,
			);
			path = PickerviewUITests;
			sourceTree = "<group>";
		};
/* End PBXGroup section */

/* Begin PBXNativeTarget section */
		752D2676204B270600BA0A0A /* Pickerview */ = {
			isa = PBXNativeTarget;
			buildConfigurationList = 752D26A2204B270600BA0A0A /* Build configuration list for PBXNativeTarget "Pickerview" */;
			buildPhases = (
				752D2673204B270600BA0A0A /* Sources */,
				752D2674204B270600BA0A0A /* Frameworks */,
				752D2675204B270600BA0A0A /* Resources */,
			);
			buildRules = (
			);
			dependencies = (
			);
			name = Pickerview;
			productName = Pickerview;
			productReference = 752D2677204B270600BA0A0A /* Pickerview.app */;
			productType = "com.apple.product-type.application";
		};
		752D268D204B270600BA0A0A /* PickerviewTests */ = {
			isa = PBXNativeTarget;
			buildConfigurationList = 752D26A5204B270600BA0A0A /* Build configuration list for PBXNativeTarget "PickerviewTests" */;
			buildPhases = (
				752D268A204B270600BA0A0A /* Sources */,
				752D268B204B270600BA0A0A /* Frameworks */,
				752D268C204B270600BA0A0A /* Resources */,
			);
			buildRules = (
			);
			dependencies = (
				752D2690204B270600BA0A0A /* PBXTargetDependency */,
			);
			name = PickerviewTests;
			productName = PickerviewTests;
			productReference = 752D268E204B270600BA0A0A /* PickerviewTests.xctest */;
			productType = "com.apple.product-type.bundle.unit-test";
		};
		752D2698204B270600BA0A0A /* PickerviewUITests */ = {
			isa = PBXNativeTarget;
			buildConfigurationList = 752D26A8204B270600BA0A0A /* Build configuration list for PBXNativeTarget "PickerviewUITests" */;
			buildPhases = (
				752D2695204B270600BA0A0A /* Sources */,
				752D2696204B270600BA0A0A /* Frameworks */,
				752D2697204B270600BA0A0A /* Resources */,
			);
			buildRules = (
			);
			dependencies = (
				752D269B204B270600BA0A0A /* PBXTargetDependency */,
			);
			name = PickerviewUITests;
			productName = PickerviewUITests;
			productReference = 752D2699204B270600BA0A0A /* PickerviewUITests.xctest */;
			productType = "com.apple.product-type.bundle.ui-testing";
		};
/* End PBXNativeTarget section */

/* Begin PBXProject section */
		752D266F204B270600BA0A0A /* Project object */ = {
			isa = PBXProject;
			attributes = {
				LastSwiftUpdateCheck = 0920;
				LastUpgradeCheck = 0920;
				ORGANIZATIONNAME = "Scott Lydon";
				TargetAttributes = {
					752D2676204B270600BA0A0A = {
						CreatedOnToolsVersion = 9.2;
						ProvisioningStyle = Automatic;
					};
					752D268D204B270600BA0A0A = {
						CreatedOnToolsVersion = 9.2;
						ProvisioningStyle = Automatic;
						TestTargetID = 752D2676204B270600BA0A0A;
					};
					752D2698204B270600BA0A0A = {
						CreatedOnToolsVersion = 9.2;
						ProvisioningStyle = Automatic;
						TestTargetID = 752D2676204B270600BA0A0A;
					};
				};
			};
			buildConfigurationList = 752D2672204B270600BA0A0A /* Build configuration list for PBXProject "Pickerview" */;
			compatibilityVersion = "Xcode 8.0";
			developmentRegion = en;
			hasScannedForEncodings = 0;
			knownRegions = (
				en,
				Base,
			);
			mainGroup = 752D266E204B270600BA0A0A;
			productRefGroup = 752D2678204B270600BA0A0A /* Products */;
			projectDirPath = "";
			projectRoot = "";
			targets = (
				752D2676204B270600BA0A0A /* Pickerview */,
				752D268D204B270600BA0A0A /* PickerviewTests */,
				752D2698204B270600BA0A0A /* PickerviewUITests */,
			);
		};
/* End PBXProject section */

/* Begin PBXResourcesBuildPhase section */
		752D2675204B270600BA0A0A /* Resources */ = {
			isa = PBXResourcesBuildPhase;
			buildActionMask = 2147483647;
			files = (
				752D2688204B270600BA0A0A /* LaunchScreen.storyboard in Resources */,
				752D2685204B270600BA0A0A /* Assets.xcassets in Resources */,
				752D2680204B270600BA0A0A /* Main.storyboard in Resources */,
			);
			runOnlyForDeploymentPostprocessing = 0;
		};
		752D268C204B270600BA0A0A /* Resources */ = {
			isa = PBXResourcesBuildPhase;
			buildActionMask = 2147483647;
			files = (
			);
			runOnlyForDeploymentPostprocessing = 0;
		};
		752D2697204B270600BA0A0A /* Resources */ = {
			isa = PBXResourcesBuildPhase;
			buildActionMask = 2147483647;
			files = (
			);
			runOnlyForDeploymentPostprocessing = 0;
		};
/* End PBXResourcesBuildPhase section */

/* Begin PBXSourcesBuildPhase section */
		752D2673204B270600BA0A0A /* Sources */ = {
			isa = PBXSourcesBuildPhase;
			buildActionMask = 2147483647;
			files = (
				752D267D204B270600BA0A0A /* ViewController.swift in Sources */,
				752D267B204B270600BA0A0A /* AppDelegate.swift in Sources */,
				752D2683204B270600BA0A0A /* Pickerview.xcdatamodeld in Sources */,
			);
			runOnlyForDeploymentPostprocessing = 0;
		};
		752D268A204B270600BA0A0A /* Sources */ = {
			isa = PBXSourcesBuildPhase;
			buildActionMask = 2147483647;
			files = (
				752D2693204B270600BA0A0A /* PickerviewTests.swift in Sources */,
			);
			runOnlyForDeploymentPostprocessing = 0;
		};
		752D2695204B270600BA0A0A /* Sources */ = {
			isa = PBXSourcesBuildPhase;
			buildActionMask = 2147483647;
			files = (
				752D269E204B270600BA0A0A /* PickerviewUITests.swift in Sources */,
			);
			runOnlyForDeploymentPostprocessing = 0;
		};
/* End PBXSourcesBuildPhase section */

/* Begin PBXTargetDependency section */
		752D2690204B270600BA0A0A /* PBXTargetDependency */ = {
			isa = PBXTargetDependency;
			target = 752D2676204B270600BA0A0A /* Pickerview */;
			targetProxy = 752D268F204B270600BA0A0A /* PBXContainerItemProxy */;
		};
		752D269B204B270600BA0A0A /* PBXTargetDependency */ = {
			isa = PBXTargetDependency;
			target = 752D2676204B270600BA0A0A /* Pickerview */;
			targetProxy = 752D269A204B270600BA0A0A /* PBXContainerItemProxy */;
		};
/* End PBXTargetDependency section */

/* Begin PBXVariantGroup section */
		752D267E204B270600BA0A0A /* Main.storyboard */ = {
			isa = PBXVariantGroup;
			children = (
				752D267F204B270600BA0A0A /* Base */,
			);
			name = Main.storyboard;
			sourceTree = "<group>";
		};
		752D2686204B270600BA0A0A /* LaunchScreen.storyboard */ = {
			isa = PBXVariantGroup;
			children = (
				752D2687204B270600BA0A0A /* Base */,
			);
			name = LaunchScreen.storyboard;
			sourceTree = "<group>";
		};
/* End PBXVariantGroup section */

/* Begin XCBuildConfiguration section */
		752D26A0204B270600BA0A0A /* Debug */ = {
			isa = XCBuildConfiguration;
			buildSettings = {
				ALWAYS_SEARCH_USER_PATHS = NO;
				CLANG_ANALYZER_NONNULL = YES;
				CLANG_ANALYZER_NUMBER_OBJECT_CONVERSION = YES_AGGRESSIVE;
				CLANG_CXX_LANGUAGE_STANDARD = "gnu++14";
				CLANG_CXX_LIBRARY = "libc++";
				CLANG_ENABLE_MODULES = YES;
				CLANG_ENABLE_OBJC_ARC = YES;
				CLANG_WARN_BLOCK_CAPTURE_AUTORELEASING = YES;
				CLANG_WARN_BOOL_CONVERSION = YES;
				CLANG_WARN_COMMA = YES;
				CLANG_WARN_CONSTANT_CONVERSION = YES;
				CLANG_WARN_DIRECT_OBJC_ISA_USAGE = YES_ERROR;
				CLANG_WARN_DOCUMENTATION_COMMENTS = YES;
				CLANG_WARN_EMPTY_BODY = YES;
				CLANG_WARN_ENUM_CONVERSION = YES;
				CLANG_WARN_INFINITE_RECURSION = YES;
				CLANG_WARN_INT_CONVERSION = YES;
				CLANG_WARN_NON_LITERAL_NULL_CONVERSION = YES;
				CLANG_WARN_OBJC_LITERAL_CONVERSION = YES;
				CLANG_WARN_OBJC_ROOT_CLASS = YES_ERROR;
				CLANG_WARN_RANGE_LOOP_ANALYSIS = YES;
				CLANG_WARN_STRICT_PROTOTYPES = YES;
				CLANG_WARN_SUSPICIOUS_MOVE = YES;
				CLANG_WARN_UNGUARDED_AVAILABILITY = YES_AGGRESSIVE;
				CLANG_WARN_UNREACHABLE_CODE = YES;
				CLANG_WARN__DUPLICATE_METHOD_MATCH = YES;
				CODE_SIGN_IDENTITY = "iPhone Developer";
				COPY_PHASE_STRIP = NO;
				DEBUG_INFORMATION_FORMAT = dwarf;
				ENABLE_STRICT_OBJC_MSGSEND = YES;
				ENABLE_TESTABILITY = YES;
				GCC_C_LANGUAGE_STANDARD = gnu11;
				GCC_DYNAMIC_NO_PIC = NO;
				GCC_NO_COMMON_BLOCKS = YES;
				GCC_OPTIMIZATION_LEVEL = 0;
				GCC_PREPROCESSOR_DEFINITIONS = (
					"DEBUG=1",
					"$(inherited)",
				);
				GCC_WARN_64_TO_32_BIT_CONVERSION = YES;
				GCC_WARN_ABOUT_RETURN_TYPE = YES_ERROR;
				GCC_WARN_UNDECLARED_SELECTOR = YES;
				GCC_WARN_UNINITIALIZED_AUTOS = YES_AGGRESSIVE;
				GCC_WARN_UNUSED_FUNCTION = YES;
				GCC_WARN_UNUSED_VARIABLE = YES;
				IPHONEOS_DEPLOYMENT_TARGET = 11.2;
				MTL_ENABLE_DEBUG_INFO = YES;
				ONLY_ACTIVE_ARCH = YES;
				SDKROOT = iphoneos;
				SWIFT_ACTIVE_COMPILATION_CONDITIONS = DEBUG;
				SWIFT_OPTIMIZATION_LEVEL = "-Onone";
			};
			name = Debug;
		};
		752D26A1204B270600BA0A0A /* Release */ = {
			isa = XCBuildConfiguration;
			buildSettings = {
				ALWAYS_SEARCH_USER_PATHS = NO;
				CLANG_ANALYZER_NONNULL = YES;
				CLANG_ANALYZER_NUMBER_OBJECT_CONVERSION = YES_AGGRESSIVE;
				CLANG_CXX_LANGUAGE_STANDARD = "gnu++14";
				CLANG_CXX_LIBRARY = "libc++";
				CLANG_ENABLE_MODULES = YES;
				CLANG_ENABLE_OBJC_ARC = YES;
				CLANG_WARN_BLOCK_CAPTURE_AUTORELEASING = YES;
				CLANG_WARN_BOOL_CONVERSION = YES;
				CLANG_WARN_COMMA = YES;
				CLANG_WARN_CONSTANT_CONVERSION = YES;
				CLANG_WARN_DIRECT_OBJC_ISA_USAGE = YES_ERROR;
				CLANG_WARN_DOCUMENTATION_COMMENTS = YES;
				CLANG_WARN_EMPTY_BODY = YES;
				CLANG_WARN_ENUM_CONVERSION = YES;
				CLANG_WARN_INFINITE_RECURSION = YES;
				CLANG_WARN_INT_CONVERSION = YES;
				CLANG_WARN_NON_LITERAL_NULL_CONVERSION = YES;
				CLANG_WARN_OBJC_LITERAL_CONVERSION = YES;
				CLANG_WARN_OBJC_ROOT_CLASS = YES_ERROR;
				CLANG_WARN_RANGE_LOOP_ANALYSIS = YES;
				CLANG_WARN_STRICT_PROTOTYPES = YES;
				CLANG_WARN_SUSPICIOUS_MOVE = YES;
				CLANG_WARN_UNGUARDED_AVAILABILITY = YES_AGGRESSIVE;
				CLANG_WARN_UNREACHABLE_CODE = YES;
				CLANG_WARN__DUPLICATE_METHOD_MATCH = YES;
				CODE_SIGN_IDENTITY = "iPhone Developer";
				COPY_PHASE_STRIP = NO;
				DEBUG_INFORMATION_FORMAT = "dwarf-with-dsym";
				ENABLE_NS_ASSERTIONS = NO;
				ENABLE_STRICT_OBJC_MSGSEND = YES;
				GCC_C_LANGUAGE_STANDARD = gnu11;
				GCC_NO_COMMON_BLOCKS = YES;
				GCC_WARN_64_TO_32_BIT_CONVERSION = YES;
				GCC_WARN_ABOUT_RETURN_TYPE = YES_ERROR;
				GCC_WARN_UNDECLARED_SELECTOR = YES;
				GCC_WARN_UNINITIALIZED_AUTOS = YES_AGGRESSIVE;
				GCC_WARN_UNUSED_FUNCTION = YES;
				GCC_WARN_UNUSED_VARIABLE = YES;
				IPHONEOS_DEPLOYMENT_TARGET = 11.2;
				MTL_ENABLE_DEBUG_INFO = NO;
				SDKROOT = iphoneos;
				SWIFT_OPTIMIZATION_LEVEL = "-Owholemodule";
				VALIDATE_PRODUCT = YES;
			};
			name = Release;
		};
		752D26A3204B270600BA0A0A /* Debug */ = {
			isa = XCBuildConfiguration;
			buildSettings = {
				ASSETCATALOG_COMPILER_APPICON_NAME = AppIcon;
				CODE_SIGN_STYLE = Automatic;
				DEVELOPMENT_TEAM = 8L7Z3WU967;
				INFOPLIST_FILE = Pickerview/Info.plist;
				LD_RUNPATH_SEARCH_PATHS = "$(inherited) @executable_path/Frameworks";
				PRODUCT_BUNDLE_IDENTIFIER = com.Feb18.Pickerview;
				PRODUCT_NAME = "$(TARGET_NAME)";
				SWIFT_VERSION = 4.0;
				TARGETED_DEVICE_FAMILY = "1,2";
			};
			name = Debug;
		};
		752D26A4204B270600BA0A0A /* Release */ = {
			isa = XCBuildConfiguration;
			buildSettings = {
				ASSETCATALOG_COMPILER_APPICON_NAME = AppIcon;
				CODE_SIGN_STYLE = Automatic;
				DEVELOPMENT_TEAM = 8L7Z3WU967;
				INFOPLIST_FILE = Pickerview/Info.plist;
				LD_RUNPATH_SEARCH_PATHS = "$(inherited) @executable_path/Frameworks";
				PRODUCT_BUNDLE_IDENTIFIER = com.Feb18.Pickerview;
				PRODUCT_NAME = "$(TARGET_NAME)";
				SWIFT_VERSION = 4.0;
				TARGETED_DEVICE_FAMILY = "1,2";
			};
			name = Release;
		};
		752D26A6204B270600BA0A0A /* Debug */ = {
			isa = XCBuildConfiguration;
			buildSettings = {
				ALWAYS_EMBED_SWIFT_STANDARD_LIBRARIES = YES;
				BUNDLE_LOADER = "$(TEST_HOST)";
				CODE_SIGN_STYLE = Automatic;
				DEVELOPMENT_TEAM = 8L7Z3WU967;
				INFOPLIST_FILE = PickerviewTests/Info.plist;
				LD_RUNPATH_SEARCH_PATHS = "$(inherited) @executable_path/Frameworks @loader_path/Frameworks";
				PRODUCT_BUNDLE_IDENTIFIER = com.Feb18.PickerviewTests;
				PRODUCT_NAME = "$(TARGET_NAME)";
				SWIFT_VERSION = 4.0;
				TARGETED_DEVICE_FAMILY = "1,2";
				TEST_HOST = "$(BUILT_PRODUCTS_DIR)/Pickerview.app/Pickerview";
			};
			name = Debug;
		};
		752D26A7204B270600BA0A0A /* Release */ = {
			isa = XCBuildConfiguration;
			buildSettings = {
				ALWAYS_EMBED_SWIFT_STANDARD_LIBRARIES = YES;
				BUNDLE_LOADER = "$(TEST_HOST)";
				CODE_SIGN_STYLE = Automatic;
				DEVELOPMENT_TEAM = 8L7Z3WU967;
				INFOPLIST_FILE = PickerviewTests/Info.plist;
				LD_RUNPATH_SEARCH_PATHS = "$(inherited) @executable_path/Frameworks @loader_path/Frameworks";
				PRODUCT_BUNDLE_IDENTIFIER = com.Feb18.PickerviewTests;
				PRODUCT_NAME = "$(TARGET_NAME)";
				SWIFT_VERSION = 4.0;
				TARGETED_DEVICE_FAMILY = "1,2";
				TEST_HOST = "$(BUILT_PRODUCTS_DIR)/Pickerview.app/Pickerview";
			};
			name = Release;
		};
		752D26A9204B270600BA0A0A /* Debug */ = {
			isa = XCBuildConfiguration;
			buildSettings = {
				ALWAYS_EMBED_SWIFT_STANDARD_LIBRARIES = YES;
				CODE_SIGN_STYLE = Automatic;
				DEVELOPMENT_TEAM = 8L7Z3WU967;
				INFOPLIST_FILE = PickerviewUITests/Info.plist;
				LD_RUNPATH_SEARCH_PATHS = "$(inherited) @executable_path/Frameworks @loader_path/Frameworks";
				PRODUCT_BUNDLE_IDENTIFIER = com.Feb18.PickerviewUITests;
				PRODUCT_NAME = "$(TARGET_NAME)";
				SWIFT_VERSION = 4.0;
				TARGETED_DEVICE_FAMILY = "1,2";
				TEST_TARGET_NAME = Pickerview;
			};
			name = Debug;
		};
		752D26AA204B270600BA0A0A /* Release */ = {
			isa = XCBuildConfiguration;
			buildSettings = {
				ALWAYS_EMBED_SWIFT_STANDARD_LIBRARIES = YES;
				CODE_SIGN_STYLE = Automatic;
				DEVELOPMENT_TEAM = 8L7Z3WU967;
				INFOPLIST_FILE = PickerviewUITests/Info.plist;
				LD_RUNPATH_SEARCH_PATHS = "$(inherited) @executable_path/Frameworks @loader_path/Frameworks";
				PRODUCT_BUNDLE_IDENTIFIER = com.Feb18.PickerviewUITests;
				PRODUCT_NAME = "$(TARGET_NAME)";
				SWIFT_VERSION = 4.0;
				TARGETED_DEVICE_FAMILY = "1,2";
				TEST_TARGET_NAME = Pickerview;
			};
			name = Release;
		};
/* End XCBuildConfiguration section */

/* Begin XCConfigurationList section */
		752D2672204B270600BA0A0A /* Build configuration list for PBXProject "Pickerview" */ = {
			isa = XCConfigurationList;
			buildConfigurations = (
				752D26A0204B270600BA0A0A /* Debug */,
				752D26A1204B270600BA0A0A /* Release */,
			);
			defaultConfigurationIsVisible = 0;
			defaultConfigurationName = Release;
		};
		752D26A2204B270600BA0A0A /* Build configuration list for PBXNativeTarget "Pickerview" */ = {
			isa = XCConfigurationList;
			buildConfigurations = (
				752D26A3204B270600BA0A0A /* Debug */,
				752D26A4204B270600BA0A0A /* Release */,
			);
			defaultConfigurationIsVisible = 0;
			defaultConfigurationName = Release;
		};
		752D26A5204B270600BA0A0A /* Build configuration list for PBXNativeTarget "PickerviewTests" */ = {
			isa = XCConfigurationList;
			buildConfigurations = (
				752D26A6204B270600BA0A0A /* Debug */,
				752D26A7204B270600BA0A0A /* Release */,
			);
			defaultConfigurationIsVisible = 0;
			defaultConfigurationName = Release;
		};
		752D26A8204B270600BA0A0A /* Build configuration list for PBXNativeTarget "PickerviewUITests" */ = {
			isa = XCConfigurationList;
			buildConfigurations = (
				752D26A9204B270600BA0A0A /* Debug */,
				752D26AA204B270600BA0A0A /* Release */,
			);
			defaultConfigurationIsVisible = 0;
			defaultConfigurationName = Release;
		};
/* End XCConfigurationList section */

/* Begin XCVersionGroup section */
		752D2681204B270600BA0A0A /* Pickerview.xcdatamodeld */ = {
			isa = XCVersionGroup;
			children = (
				752D2682204B270600BA0A0A /* Pickerview.xcdatamodel */,
			);
			currentVersion = 752D2682204B270600BA0A0A /* Pickerview.xcdatamodel */;
			path = Pickerview.xcdatamodeld;
			sourceTree = "<group>";
			versionGroupType = wrapper.xcdatamodel;
		};
/* End XCVersionGroup section */
	};
	rootObject = 752D266F204B270600BA0A0A /* Project object */;
}
